
Microsoft Visual Studio Solution File, Format Version 12.00
# Visual Studio Version 17
VisualStudioVersion = 17.12.35527.113 d17.12
MinimumVisualStudioVersion = 10.0.40219.1
Project("{FAE04EC0-301F-11D3-BF4B-00C04F79EFBC}") = "AcunMedyaNisanOdev-4", "AcunMedyaNisanOdev-4\AcunMedyaNisanOdev-4.csproj", "{6C6F7148-A143-490D-9BA3-1A452F8CA393}"
EndProject
Project("{FAE04EC0-301F-11D3-BF4B-00C04F79EFBC}") = "Entites", "Entites\Entites.csproj", "{213FF5C6-03BD-4B5C-96A4-146B947C82DA}"
EndProject
Project("{FAE04EC0-301F-11D3-BF4B-00C04F79EFBC}") = "Repositories", "Repositories\Repositories.csproj", "{C4BCE362-4BEB-4240-AE00-ADBFE92428FB}"
EndProject
Project("{FAE04EC0-301F-11D3-BF4B-00C04F79EFBC}") = "EntityConfigurations", "EntityConfigurations\EntityConfigurations.csproj", "{E9352AC4-9093-4B1A-819E-892C52E9F40F}"
EndProject
Project("{FAE04EC0-301F-11D3-BF4B-00C04F79EFBC}") = "Data", "Data\Data.csproj", "{0035891C-367B-42B8-A444-DE8101FDFC4F}"
EndProject
Project("{FAE04EC0-301F-11D3-BF4B-00C04F79EFBC}") = "Business", "Business\Business.csproj", "{2290EE9C-B849-42B0-BD45-0A212DF650E1}"
EndProject
Global
	GlobalSection(SolutionConfigurationPlatforms) = preSolution
		Debug|Any CPU = Debug|Any CPU
		Release|Any CPU = Release|Any CPU
	EndGlobalSection
	GlobalSection(ProjectConfigurationPlatforms) = postSolution
		{6C6F7148-A143-490D-9BA3-1A452F8CA393}.Debug|Any CPU.ActiveCfg = Debug|Any CPU
		{6C6F7148-A143-490D-9BA3-1A452F8CA393}.Debug|Any CPU.Build.0 = Debug|Any CPU
		{6C6F7148-A143-490D-9BA3-1A452F8CA393}.Release|Any CPU.ActiveCfg = Release|Any CPU
		{6C6F7148-A143-490D-9BA3-1A452F8CA393}.Release|Any CPU.Build.0 = Release|Any CPU
		{213FF5C6-03BD-4B5C-96A4-146B947C82DA}.Debug|Any CPU.ActiveCfg = Debug|Any CPU
		{213FF5C6-03BD-4B5C-96A4-146B947C82DA}.Debug|Any CPU.Build.0 = Debug|Any CPU
		{213FF5C6-03BD-4B5C-96A4-146B947C82DA}.Release|Any CPU.ActiveCfg = Release|Any CPU
		{213FF5C6-03BD-4B5C-96A4-146B947C82DA}.Release|Any CPU.Build.0 = Release|Any CPU
		{C4BCE362-4BEB-4240-AE00-ADBFE92428FB}.Debug|Any CPU.ActiveCfg = Debug|Any CPU
		{C4BCE362-4BEB-4240-AE00-ADBFE92428FB}.Debug|Any CPU.Build.0 = Debug|Any CPU
		{C4BCE362-4BEB-4240-AE00-ADBFE92428FB}.Release|Any CPU.ActiveCfg = Release|Any CPU
		{C4BCE362-4BEB-4240-AE00-ADBFE92428FB}.Release|Any CPU.Build.0 = Release|Any CPU
		{E9352AC4-9093-4B1A-819E-892C52E9F40F}.Debug|Any CPU.ActiveCfg = Debug|Any CPU
		{E9352AC4-9093-4B1A-819E-892C52E9F40F}.Debug|Any CPU.Build.0 = Debug|Any CPU
		{E9352AC4-9093-4B1A-819E-892C52E9F40F}.Release|Any CPU.ActiveCfg = Release|Any CPU
		{E9352AC4-9093-4B1A-819E-892C52E9F40F}.Release|Any CPU.Build.0 = Release|Any CPU
		{0035891C-367B-42B8-A444-DE8101FDFC4F}.Debug|Any CPU.ActiveCfg = Debug|Any CPU
		{0035891C-367B-42B8-A444-DE8101FDFC4F}.Debug|Any CPU.Build.0 = Debug|Any CPU
		{0035891C-367B-42B8-A444-DE8101FDFC4F}.Release|Any CPU.ActiveCfg = Release|Any CPU
		{0035891C-367B-42B8-A444-DE8101FDFC4F}.Release|Any CPU.Build.0 = Release|Any CPU
		{2290EE9C-B849-42B0-BD45-0A212DF650E1}.Debug|Any CPU.ActiveCfg = Debug|Any CPU
		{2290EE9C-B849-42B0-BD45-0A212DF650E1}.Debug|Any CPU.Build.0 = Debug|Any CPU
		{2290EE9C-B849-42B0-BD45-0A212DF650E1}.Release|Any CPU.ActiveCfg = Release|Any CPU
		{2290EE9C-B849-42B0-BD45-0A212DF650E1}.Release|Any CPU.Build.0 = Release|Any CPU
	EndGlobalSection
	GlobalSection(SolutionProperties) = preSolution
		HideSolutionNode = FALSE
	EndGlobalSection
EndGlobal
